
Microsoft Visual Studio Solution File, Format Version 12.00
# Visual Studio Version 16
VisualStudioVersion = 16.0.34114.132
MinimumVisualStudioVersion = 10.0.40219.1
Project("{FAE04EC0-301F-11D3-BF4B-00C04F79EFBC}") = "NetstairHelpdeskV5", "NetstairHelpdeskV5.csproj", "{11AC478F-1965-4446-A210-1651C6B16BBE}"
EndProject
Global
	GlobalSection(SolutionConfigurationPlatforms) = preSolution
		Debug|Any CPU = Debug|Any CPU
		Release|Any CPU = Release|Any CPU
	EndGlobalSection
	GlobalSection(ProjectConfigurationPlatforms) = postSolution
		{11AC478F-1965-4446-A210-1651C6B16BBE}.Debug|Any CPU.ActiveCfg = Debug|Any CPU
		{11AC478F-1965-4446-A210-1651C6B16BBE}.Debug|Any CPU.Build.0 = Debug|Any CPU
		{11AC478F-1965-4446-A210-1651C6B16BBE}.Release|Any CPU.ActiveCfg = Release|Any CPU
		{11AC478F-1965-4446-A210-1651C6B16BBE}.Release|Any CPU.Build.0 = Release|Any CPU
	EndGlobalSection
	GlobalSection(SolutionProperties) = preSolution
		HideSolutionNode = FALSE
	EndGlobalSection
	GlobalSection(ExtensibilityGlobals) = postSolution
		SolutionGuid = {5A291F79-DB0D-4B2F-BE44-5716C7BC7A10}
	EndGlobalSection
EndGlobal
